// !$*UTF8*$!
{
	archiveVersion = 1;
	classes = {
	};
	objectVersion = 50;
	objects = {

/* Begin PBXBuildFile section */
		88EDB00E22E99F5E00BB0F2E /* AppDelegate.swift in Sources */ = {isa = PBXBuildFile; fileRef = 88EDB00D22E99F5E00BB0F2E /* AppDelegate.swift */; };
		88EDB01022E99F5E00BB0F2E /* ViewController.swift in Sources */ = {isa = PBXBuildFile; fileRef = 88EDB00F22E99F5E00BB0F2E /* ViewController.swift */; };
		88EDB01322E99F5E00BB0F2E /* Main.storyboard in Resources */ = {isa = PBXBuildFile; fileRef = 88EDB01122E99F5E00BB0F2E /* Main.storyboard */; };
		88EDB01522E99F5F00BB0F2E /* Assets.xcassets in Resources */ = {isa = PBXBuildFile; fileRef = 88EDB01422E99F5F00BB0F2E /* Assets.xcassets */; };
		88EDB01822E99F5F00BB0F2E /* LaunchScreen.storyboard in Resources */ = {isa = PBXBuildFile; fileRef = 88EDB01622E99F5F00BB0F2E /* LaunchScreen.storyboard */; };
		88EDB02022E99FD300BB0F2E /* FlickPhotoCell.swift in Sources */ = {isa = PBXBuildFile; fileRef = 88EDB01F22E99FD300BB0F2E /* FlickPhotoCell.swift */; };
		88EDB02222E99FEA00BB0F2E /* FlickrPhotosViewController.swift in Sources */ = {isa = PBXBuildFile; fileRef = 88EDB02122E99FEA00BB0F2E /* FlickrPhotosViewController.swift */; };
/* End PBXBuildFile section */

/* Begin PBXFileReference section */
		88EDB00A22E99F5E00BB0F2E /* ios13test2.app */ = {isa = PBXFileReference; explicitFileType = wrapper.application; includeInIndex = 0; path = ios13test2.app; sourceTree = BUILT_PRODUCTS_DIR; };
		88EDB00D22E99F5E00BB0F2E /* AppDelegate.swift */ = {isa = PBXFileReference; lastKnownFileType = sourcecode.swift; path = AppDelegate.swift; sourceTree = "<group>"; };
		88EDB00F22E99F5E00BB0F2E /* ViewController.swift */ = {isa = PBXFileReference; lastKnownFileType = sourcecode.swift; path = ViewController.swift; sourceTree = "<group>"; };
		88EDB01222E99F5E00BB0F2E /* Base */ = {isa = PBXFileReference; lastKnownFileType = file.storyboard; name = Base; path = Base.lproj/Main.storyboard; sourceTree = "<group>"; };
		88EDB01422E99F5F00BB0F2E /* Assets.xcassets */ = {isa = PBXFileReference; lastKnownFileType = folder.assetcatalog; path = Assets.xcassets; sourceTree = "<group>"; };
		88EDB01722E99F5F00BB0F2E /* Base */ = {isa = PBXFileReference; lastKnownFileType = file.storyboard; name = Base; path = Base.lproj/LaunchScreen.storyboard; sourceTree = "<group>"; };
		88EDB01922E99F5F00BB0F2E /* Info.plist */ = {isa = PBXFileReference; lastKnownFileType = text.plist.xml; path = Info.plist; sourceTree = "<group>"; };
		88EDB01F22E99FD300BB0F2E /* FlickPhotoCell.swift */ = {isa = PBXFileReference; lastKnownFileType = sourcecode.swift; path = FlickPhotoCell.swift; sourceTree = "<group>"; };
		88EDB02122E99FEA00BB0F2E /* FlickrPhotosViewController.swift */ = {isa = PBXFileReference; lastKnownFileType = sourcecode.swift; path = FlickrPhotosViewController.swift; sourceTree = "<group>"; };
/* End PBXFileReference section */

/* Begin PBXFrameworksBuildPhase section */
		88EDB00722E99F5E00BB0F2E /* Frameworks */ = {
			isa = PBXFrameworksBuildPhase;
			buildActionMask = 2147483647;
			files = (
			);
			runOnlyForDeploymentPostprocessing = 0;
		};
/* End PBXFrameworksBuildPhase section */

/* Begin PBXGroup section */
		88EDB00122E99F5E00BB0F2E = {
			isa = PBXGroup;
			children = (
				88EDB00C22E99F5E00BB0F2E /* ios13test2 */,
				88EDB00B22E99F5E00BB0F2E /* Products */,
			);
			sourceTree = "<group>";
		};
		88EDB00B22E99F5E00BB0F2E /* Products */ = {
			isa = PBXGroup;
			children = (
				88EDB00A22E99F5E00BB0F2E /* ios13test2.app */,
			);
			name = Products;
			sourceTree = "<group>";
		};
		88EDB00C22E99F5E00BB0F2E /* ios13test2 */ = {
			isa = PBXGroup;
			children = (
				88EDB00D22E99F5E00BB0F2E /* AppDelegate.swift */,
				88EDB00F22E99F5E00BB0F2E /* ViewController.swift */,
				88EDB01122E99F5E00BB0F2E /* Main.storyboard */,
				88EDB01F22E99FD300BB0F2E /* FlickPhotoCell.swift */,
				88EDB02122E99FEA00BB0F2E /* FlickrPhotosViewController.swift */,
				88EDB01422E99F5F00BB0F2E /* Assets.xcassets */,
				88EDB01622E99F5F00BB0F2E /* LaunchScreen.storyboard */,
				88EDB01922E99F5F00BB0F2E /* Info.plist */,
			);
			path = ios13test2;
			sourceTree = "<group>";
		};
/* End PBXGroup section */

/* Begin PBXNativeTarget section */
		88EDB00922E99F5E00BB0F2E /* ios13test2 */ = {
			isa = PBXNativeTarget;
			buildConfigurationList = 88EDB01C22E99F5F00BB0F2E /* Build configuration list for PBXNativeTarget "ios13test2" */;
			buildPhases = (
				88EDB00622E99F5E00BB0F2E /* Sources */,
				88EDB00722E99F5E00BB0F2E /* Frameworks */,
				88EDB00822E99F5E00BB0F2E /* Resources */,
			);
			buildRules = (
			);
			dependencies = (
			);
			name = ios13test2;
			productName = ios13test2;
			productReference = 88EDB00A22E99F5E00BB0F2E /* ios13test2.app */;
			productType = "com.apple.product-type.application";
		};
/* End PBXNativeTarget section */

/* Begin PBXProject section */
		88EDB00222E99F5E00BB0F2E /* Project object */ = {
			isa = PBXProject;
			attributes = {
				LastSwiftUpdateCheck = 1030;
				LastUpgradeCheck = 1030;
				ORGANIZATIONNAME = "Vladimir Amiorkov";
				TargetAttributes = {
					88EDB00922E99F5E00BB0F2E = {
						CreatedOnToolsVersion = 10.3;
					};
				};
			};
			buildConfigurationList = 88EDB00522E99F5E00BB0F2E /* Build configuration list for PBXProject "ios13test2" */;
			compatibilityVersion = "Xcode 9.3";
			developmentRegion = en;
			hasScannedForEncodings = 0;
			knownRegions = (
				en,
				Base,
			);
			mainGroup = 88EDB00122E99F5E00BB0F2E;
			productRefGroup = 88EDB00B22E99F5E00BB0F2E /* Products */;
			projectDirPath = "";
			projectRoot = "";
			targets = (
				88EDB00922E99F5E00BB0F2E /* ios13test2 */,
			);
		};
/* End PBXProject section */

/* Begin PBXResourcesBuildPhase section */
		88EDB00822E99F5E00BB0F2E /* Resources */ = {
			isa = PBXResourcesBuildPhase;
			buildActionMask = 2147483647;
			files = (
				88EDB01822E99F5F00BB0F2E /* LaunchScreen.storyboard in Resources */,
				88EDB01522E99F5F00BB0F2E /* Assets.xcassets in Resources */,
				88EDB01322E99F5E00BB0F2E /* Main.storyboard in Resources */,
			);
			runOnlyForDeploymentPostprocessing = 0;
		};
/* End PBXResourcesBuildPhase section */

/* Begin PBXSourcesBuildPhase section */
		88EDB00622E99F5E00BB0F2E /* Sources */ = {
			isa = PBXSourcesBuildPhase;
			buildActionMask = 2147483647;
			files = (
				88EDB02222E99FEA00BB0F2E /* FlickrPhotosViewController.swift in Sources */,
				88EDB02022E99FD300BB0F2E /* FlickPhotoCell.swift in Sources */,
				88EDB01022E99F5E00BB0F2E /* ViewController.swift in Sources */,
				88EDB00E22E99F5E00BB0F2E /* AppDelegate.swift in Sources */,
			);
			runOnlyForDeploymentPostprocessing = 0;
		};
/* End PBXSourcesBuildPhase section */

/* Begin PBXVariantGroup section */
		88EDB01122E99F5E00BB0F2E /* Main.storyboard */ = {
			isa = PBXVariantGroup;
			children = (
				88EDB01222E99F5E00BB0F2E /* Base */,
			);
			name = Main.storyboard;
			sourceTree = "<group>";
		};
		88EDB01622E99F5F00BB0F2E /* LaunchScreen.storyboard */ = {
			isa = PBXVariantGroup;
			children = (
				88EDB01722E99F5F00BB0F2E /* Base */,
			);
			name = LaunchScreen.storyboard;
			sourceTree = "<group>";
		};
/* End PBXVariantGroup section */

/* Begin XCBuildConfiguration section */
		88EDB01A22E99F5F00BB0F2E /* Debug */ = {
			isa = XCBuildConfiguration;
			buildSettings = {
				ALWAYS_SEARCH_USER_PATHS = NO;
				CLANG_ANALYZER_NONNULL = YES;
				CLANG_ANALYZER_NUMBER_OBJECT_CONVERSION = YES_AGGRESSIVE;
				CLANG_CXX_LANGUAGE_STANDARD = "gnu++14";
				CLANG_CXX_LIBRARY = "libc++";
				CLANG_ENABLE_MODULES = YES;
				CLANG_ENABLE_OBJC_ARC = YES;
				CLANG_ENABLE_OBJC_WEAK = YES;
				CLANG_WARN_BLOCK_CAPTURE_AUTORELEASING = YES;
				CLANG_WARN_BOOL_CONVERSION = YES;
				CLANG_WARN_COMMA = YES;
				CLANG_WARN_CONSTANT_CONVERSION = YES;
				CLANG_WARN_DEPRECATED_OBJC_IMPLEMENTATIONS = YES;
				CLANG_WARN_DIRECT_OBJC_ISA_USAGE = YES_ERROR;
				CLANG_WARN_DOCUMENTATION_COMMENTS = YES;
				CLANG_WARN_EMPTY_BODY = YES;
				CLANG_WARN_ENUM_CONVERSION = YES;
				CLANG_WARN_INFINITE_RECURSION = YES;
				CLANG_WARN_INT_CONVERSION = YES;
				CLANG_WARN_NON_LITERAL_NULL_CONVERSION = YES;
				CLANG_WARN_OBJC_IMPLICIT_RETAIN_SELF = YES;
				CLANG_WARN_OBJC_LITERAL_CONVERSION = YES;
				CLANG_WARN_OBJC_ROOT_CLASS = YES_ERROR;
				CLANG_WARN_RANGE_LOOP_ANALYSIS = YES;
				CLANG_WARN_STRICT_PROTOTYPES = YES;
				CLANG_WARN_SUSPICIOUS_MOVE = YES;
				CLANG_WARN_UNGUARDED_AVAILABILITY = YES_AGGRESSIVE;
				CLANG_WARN_UNREACHABLE_CODE = YES;
				CLANG_WARN__DUPLICATE_METHOD_MATCH = YES;
				CODE_SIGN_IDENTITY = "iPhone Developer";
				COPY_PHASE_STRIP = NO;
				DEBUG_INFORMATION_FORMAT = dwarf;
				ENABLE_STRICT_OBJC_MSGSEND = YES;
				ENABLE_TESTABILITY = YES;
				GCC_C_LANGUAGE_STANDARD = gnu11;
				GCC_DYNAMIC_NO_PIC = NO;
				GCC_NO_COMMON_BLOCKS = YES;
				GCC_OPTIMIZATION_LEVEL = 0;
				GCC_PREPROCESSOR_DEFINITIONS = (
					"DEBUG=1",
					"$(inherited)",
				);
				GCC_WARN_64_TO_32_BIT_CONVERSION = YES;
				GCC_WARN_ABOUT_RETURN_TYPE = YES_ERROR;
				GCC_WARN_UNDECLARED_SELECTOR = YES;
				GCC_WARN_UNINITIALIZED_AUTOS = YES_AGGRESSIVE;
				GCC_WARN_UNUSED_FUNCTION = YES;
				GCC_WARN_UNUSED_VARIABLE = YES;
				IPHONEOS_DEPLOYMENT_TARGET = 12.4;
				MTL_ENABLE_DEBUG_INFO = INCLUDE_SOURCE;
				MTL_FAST_MATH = YES;
				ONLY_ACTIVE_ARCH = YES;
				SDKROOT = iphoneos;
				SWIFT_ACTIVE_COMPILATION_CONDITIONS = DEBUG;
				SWIFT_OPTIMIZATION_LEVEL = "-Onone";
			};
			name = Debug;
		};
		88EDB01B22E99F5F00BB0F2E /* Release */ = {
			isa = XCBuildConfiguration;
			buildSettings = {
				ALWAYS_SEARCH_USER_PATHS = NO;
				CLANG_ANALYZER_NONNULL = YES;
				CLANG_ANALYZER_NUMBER_OBJECT_CONVERSION = YES_AGGRESSIVE;
				CLANG_CXX_LANGUAGE_STANDARD = "gnu++14";
				CLANG_CXX_LIBRARY = "libc++";
				CLANG_ENABLE_MODULES = YES;
				CLANG_ENABLE_OBJC_ARC = YES;
				CLANG_ENABLE_OBJC_WEAK = YES;
				CLANG_WARN_BLOCK_CAPTURE_AUTORELEASING = YES;
				CLANG_WARN_BOOL_CONVERSION = YES;
				CLANG_WARN_COMMA = YES;
				CLANG_WARN_CONSTANT_CONVERSION = YES;
				CLANG_WARN_DEPRECATED_OBJC_IMPLEMENTATIONS = YES;
				CLANG_WARN_DIRECT_OBJC_ISA_USAGE = YES_ERROR;
				CLANG_WARN_DOCUMENTATION_COMMENTS = YES;
				CLANG_WARN_EMPTY_BODY = YES;
				CLANG_WARN_ENUM_CONVERSION = YES;
				CLANG_WARN_INFINITE_RECURSION = YES;
				CLANG_WARN_INT_CONVERSION = YES;
				CLANG_WARN_NON_LITERAL_NULL_CONVERSION = YES;
				CLANG_WARN_OBJC_IMPLICIT_RETAIN_SELF = YES;
				CLANG_WARN_OBJC_LITERAL_CONVERSION = YES;
				CLANG_WARN_OBJC_ROOT_CLASS = YES_ERROR;
				CLANG_WARN_RANGE_LOOP_ANALYSIS = YES;
				CLANG_WARN_STRICT_PROTOTYPES = YES;
				CLANG_WARN_SUSPICIOUS_MOVE = YES;
				CLANG_WARN_UNGUARDED_AVAILABILITY = YES_AGGRESSIVE;
				CLANG_WARN_UNREACHABLE_CODE = YES;
				CLANG_WARN__DUPLICATE_METHOD_MATCH = YES;
				CODE_SIGN_IDENTITY = "iPhone Developer";
				COPY_PHASE_STRIP = NO;
				DEBUG_INFORMATION_FORMAT = "dwarf-with-dsym";
				ENABLE_NS_ASSERTIONS = NO;
				ENABLE_STRICT_OBJC_MSGSEND = YES;
				GCC_C_LANGUAGE_STANDARD = gnu11;
				GCC_NO_COMMON_BLOCKS = YES;
				GCC_WARN_64_TO_32_BIT_CONVERSION = YES;
				GCC_WARN_ABOUT_RETURN_TYPE = YES_ERROR;
				GCC_WARN_UNDECLARED_SELECTOR = YES;
				GCC_WARN_UNINITIALIZED_AUTOS = YES_AGGRESSIVE;
				GCC_WARN_UNUSED_FUNCTION = YES;
				GCC_WARN_UNUSED_VARIABLE = YES;
				IPHONEOS_DEPLOYMENT_TARGET = 12.4;
				MTL_ENABLE_DEBUG_INFO = NO;
				MTL_FAST_MATH = YES;
				SDKROOT = iphoneos;
				SWIFT_COMPILATION_MODE = wholemodule;
				SWIFT_OPTIMIZATION_LEVEL = "-O";
				VALIDATE_PRODUCT = YES;
			};
			name = Release;
		};
		88EDB01D22E99F5F00BB0F2E /* Debug */ = {
			isa = XCBuildConfiguration;
			buildSettings = {
				ASSETCATALOG_COMPILER_APPICON_NAME = AppIcon;
				CODE_SIGN_STYLE = Automatic;
				INFOPLIST_FILE = ios13test2/Info.plist;
				IPHONEOS_DEPLOYMENT_TARGET = 12.1;
				LD_RUNPATH_SEARCH_PATHS = (
					"$(inherited)",
					"@executable_path/Frameworks",
				);
				PRODUCT_BUNDLE_IDENTIFIER = ios13test.ios13test2;
				PRODUCT_NAME = "$(TARGET_NAME)";
				SWIFT_VERSION = 5.0;
				TARGETED_DEVICE_FAMILY = "1,2";
			};
			name = Debug;
		};
		88EDB01E22E99F5F00BB0F2E /* Release */ = {
			isa = XCBuildConfiguration;
			buildSettings = {
				ASSETCATALOG_COMPILER_APPICON_NAME = AppIcon;
				CODE_SIGN_STYLE = Automatic;
				INFOPLIST_FILE = ios13test2/Info.plist;
				IPHONEOS_DEPLOYMENT_TARGET = 12.1;
				LD_RUNPATH_SEARCH_PATHS = (
					"$(inherited)",
					"@executable_path/Frameworks",
				);
				PRODUCT_BUNDLE_IDENTIFIER = ios13test.ios13test2;
				PRODUCT_NAME = "$(TARGET_NAME)";
				SWIFT_VERSION = 5.0;
				TARGETED_DEVICE_FAMILY = "1,2";
			};
			name = Release;
		};
/* End XCBuildConfiguration section */

/* Begin XCConfigurationList section */
		88EDB00522E99F5E00BB0F2E /* Build configuration list for PBXProject "ios13test2" */ = {
			isa = XCConfigurationList;
			buildConfigurations = (
				88EDB01A22E99F5F00BB0F2E /* Debug */,
				88EDB01B22E99F5F00BB0F2E /* Release */,
			);
			defaultConfigurationIsVisible = 0;
			defaultConfigurationName = Release;
		};
		88EDB01C22E99F5F00BB0F2E /* Build configuration list for PBXNativeTarget "ios13test2" */ = {
			isa = XCConfigurationList;
			buildConfigurations = (
				88EDB01D22E99F5F00BB0F2E /* Debug */,
				88EDB01E22E99F5F00BB0F2E /* Release */,
			);
			defaultConfigurationIsVisible = 0;
			defaultConfigurationName = Release;
		};
/* End XCConfigurationList section */
	};
	rootObject = 88EDB00222E99F5E00BB0F2E /* Project object */;
}
